
Microsoft Visual Studio Solution File, Format Version 12.00
# Visual Studio Version 16
VisualStudioVersion = 16.0.31205.134
MinimumVisualStudioVersion = 10.0.40219.1
Project("{FAE04EC0-301F-11D3-BF4B-00C04F79EFBC}") = "MobilApp.Android", "MobilApp\MobilApp.Android\MobilApp.Android.csproj", "{264DE831-F7E2-434D-863A-8872DD0B114D}"
EndProject
Project("{FAE04EC0-301F-11D3-BF4B-00C04F79EFBC}") = "MobilApp", "MobilApp\MobilApp\MobilApp.csproj", "{FFA56FFB-5F51-431E-840B-2F1B60D3C7B4}"
EndProject
Project("{FAE04EC0-301F-11D3-BF4B-00C04F79EFBC}") = "WebAPI", "WebAPI\WebAPI.csproj", "{CE639641-AD1F-4B58-BDD9-D2296F562249}"
EndProject
Global
	GlobalSection(SolutionConfigurationPlatforms) = preSolution
		Debug|Any CPU = Debug|Any CPU
		Release|Any CPU = Release|Any CPU
	EndGlobalSection
	GlobalSection(ProjectConfigurationPlatforms) = postSolution
		{264DE831-F7E2-434D-863A-8872DD0B114D}.Debug|Any CPU.ActiveCfg = Debug|Any CPU
		{264DE831-F7E2-434D-863A-8872DD0B114D}.Debug|Any CPU.Build.0 = Debug|Any CPU
		{264DE831-F7E2-434D-863A-8872DD0B114D}.Debug|Any CPU.Deploy.0 = Debug|Any CPU
		{264DE831-F7E2-434D-863A-8872DD0B114D}.Release|Any CPU.ActiveCfg = Release|Any CPU
		{264DE831-F7E2-434D-863A-8872DD0B114D}.Release|Any CPU.Build.0 = Release|Any CPU
		{264DE831-F7E2-434D-863A-8872DD0B114D}.Release|Any CPU.Deploy.0 = Release|Any CPU
		{FFA56FFB-5F51-431E-840B-2F1B60D3C7B4}.Debug|Any CPU.ActiveCfg = Debug|Any CPU
		{FFA56FFB-5F51-431E-840B-2F1B60D3C7B4}.Debug|Any CPU.Build.0 = Debug|Any CPU
		{FFA56FFB-5F51-431E-840B-2F1B60D3C7B4}.Debug|Any CPU.Deploy.0 = Debug|Any CPU
		{FFA56FFB-5F51-431E-840B-2F1B60D3C7B4}.Release|Any CPU.ActiveCfg = Release|Any CPU
		{FFA56FFB-5F51-431E-840B-2F1B60D3C7B4}.Release|Any CPU.Build.0 = Release|Any CPU
		{FFA56FFB-5F51-431E-840B-2F1B60D3C7B4}.Release|Any CPU.Deploy.0 = Release|Any CPU
		{CE639641-AD1F-4B58-BDD9-D2296F562249}.Debug|Any CPU.ActiveCfg = Debug|Any CPU
		{CE639641-AD1F-4B58-BDD9-D2296F562249}.Debug|Any CPU.Build.0 = Debug|Any CPU
		{CE639641-AD1F-4B58-BDD9-D2296F562249}.Release|Any CPU.ActiveCfg = Release|Any CPU
		{CE639641-AD1F-4B58-BDD9-D2296F562249}.Release|Any CPU.Build.0 = Release|Any CPU
	EndGlobalSection
	GlobalSection(SolutionProperties) = preSolution
		HideSolutionNode = FALSE
	EndGlobalSection
	GlobalSection(ExtensibilityGlobals) = postSolution
		SolutionGuid = {8704E936-4536-491A-9027-7D128FF54BF7}
	EndGlobalSection
EndGlobal
